version = 1
revision = 3
requires-python = ">=3.10"

[[package]]
name = "neo-tavern-cuda-runtime"
version = "0"
source = { virtual = "." }
dependencies = [
    { name = "nvidia-cublas-cu12" },
    { name = "nvidia-cuda-nvrtc-cu12" },
    { name = "nvidia-cuda-runtime-cu12" },
    { name = "nvidia-cudnn-cu12" },
    { name = "nvidia-cufft-cu12" },
    { name = "nvidia-curand-cu12" },
    { name = "nvidia-nvjitlink-cu12" },
]

[package.metadata]
requires-dist = [
    { name = "nvidia-cublas-cu12", specifier = "==12.6.4.1" },
    { name = "nvidia-cuda-nvrtc-cu12", specifier = "==12.6.85" },
    { name = "nvidia-cuda-runtime-cu12", specifier = "==12.6.77" },
    { name = "nvidia-cudnn-cu12", specifier = "==9.10.2.21" },
    { name = "nvidia-cufft-cu12", specifier = "==11.3.0.4" },
    { name = "nvidia-curand-cu12", specifier = "==10.3.7.77" },
    { name = "nvidia-nvjitlink-cu12", specifier = "==12.6.85" },
]

[[package]]
name = "nvidia-cublas-cu12"
version = "12.6.4.1"
source = { registry = "https://pypi.org/simple" }
wheels = [
    { url = "https://files.pythonhosted.org/packages/af/eb/ff4b8c503fa1f1796679dce648854d58751982426e4e4b37d6fce49d259c/nvidia_cublas_cu12-12.6.4.1-py3-none-manylinux2014_x86_64.manylinux_2_17_x86_64.whl", hash = "sha256:08ed2686e9875d01b58e3cb379c6896df8e76c75e0d4a7f7dace3d7b6d9ef8eb", size = 393138322, upload-time = "2024-11-20T17:40:25.65Z" },
    { url = "https://files.pythonhosted.org/packages/97/0d/f1f0cadbf69d5b9ef2e4f744c9466cb0a850741d08350736dfdb4aa89569/nvidia_cublas_cu12-12.6.4.1-py3-none-manylinux_2_27_aarch64.whl", hash = "sha256:235f728d6e2a409eddf1df58d5b0921cf80cfa9e72b9f2775ccb7b4a87984668", size = 390794615, upload-time = "2024-11-20T17:39:52.715Z" },
    { url = "https://files.pythonhosted.org/packages/84/f7/985e9bdbe3e0ac9298fcc8cfa51a392862a46a0ffaccbbd56939b62a9c83/nvidia_cublas_cu12-12.6.4.1-py3-none-win_amd64.whl", hash = "sha256:9e4fa264f4d8a4eb0cdbd34beadc029f453b3bafae02401e999cf3d5a5af75f8", size = 434535301, upload-time = "2024-11-20T17:50:41.681Z" },
]

[[package]]
name = "nvidia-cuda-nvrtc-cu12"
version = "12.6.85"
source = { registry = "https://pypi.org/simple" }
wheels = [
    { url = "https://files.pythonhosted.org/packages/f5/31/ffb400c5ae99daf09687aa6c42831c5d824f71c4851363ed2a4a1ac52bab/nvidia_cuda_nvrtc_cu12-12.6.85-py3-none-manylinux2010_x86_64.manylinux_2_12_x86_64.whl", hash = "sha256:800927308ccc5dd6246d3f61f7fcef2ed7ec4e59e199090d360d3293f78bd5a2", size = 23649944, upload-time = "2024-11-20T17:38:06.511Z" },
    { url = "https://files.pythonhosted.org/packages/48/ab/476146f59ff5ef5bd6e62c187097d859ea78b5752d19c6c3f9be5f90dafc/nvidia_cuda_nvrtc_cu12-12.6.85-py3-none-manylinux2014_aarch64.manylinux_2_17_aarch64.whl", hash = "sha256:3f3134f50963882373063901657554f230bedf6039d30b09f6be55c64c993a37", size = 23162872, upload-time = "2024-11-20T17:37:42.967Z" },
    { url = "https://files.pythonhosted.org/packages/0c/f7/472414aee887d626373d0b2140a59ac4308e3eaed815060e5410fc83305a/nvidia_cuda_nvrtc_cu12-12.6.85-py3-none-win_amd64.whl", hash = "sha256:a419e2c95e75b88b602f8bb66f82a6c5651e8475a509841c958486b1b71510bf", size = 39026436, upload-time = "2024-11-20T17:49:13.633Z" },
]

[[package]]
name = "nvidia-cuda-runtime-cu12"
version = "12.6.77"
source = { registry = "https://pypi.org/simple" }
wheels = [
    { url = "https://files.pythonhosted.org/packages/8f/ea/590b2ac00d772a8abd1c387a92b46486d2679ca6622fd25c18ff76265663/nvidia_cuda_runtime_cu12-12.6.77-py3-none-manylinux2014_aarch64.manylinux_2_17_aarch64.whl", hash = "sha256:6116fad3e049e04791c0256a9778c16237837c08b27ed8c8401e2e45de8d60cd", size = 908052, upload-time = "2024-11-20T17:35:19.905Z" },
    { url = "https://files.pythonhosted.org/packages/b7/3d/159023799677126e20c8fd580cca09eeb28d5c5a624adc7f793b9aa8bbfa/nvidia_cuda_runtime_cu12-12.6.77-py3-none-manylinux2014_aarch64.whl", hash = "sha256:d461264ecb429c84c8879a7153499ddc7b19b5f8d84c204307491989a365588e", size = 908040, upload-time = "2024-10-01T16:57:22.221Z" },
    { url = "https://files.pythonhosted.org/packages/e1/23/e717c5ac26d26cf39a27fbc076240fad2e3b817e5889d671b67f4f9f49c5/nvidia_cuda_runtime_cu12-12.6.77-py3-none-manylinux2014_x86_64.manylinux_2_17_x86_64.whl", hash = "sha256:ba3b56a4f896141e25e19ab287cd71e52a6a0f4b29d0d31609f60e3b4d5219b7", size = 897690, upload-time = "2024-11-20T17:35:30.697Z" },
    { url = "https://files.pythonhosted.org/packages/f0/62/65c05e161eeddbafeca24dc461f47de550d9fa8a7e04eb213e32b55cfd99/nvidia_cuda_runtime_cu12-12.6.77-py3-none-manylinux2014_x86_64.whl", hash = "sha256:a84d15d5e1da416dd4774cb42edf5e954a3e60cc945698dc1d5be02321c44dc8", size = 897678, upload-time = "2024-10-01T16:57:33.821Z" },
    { url = "https://files.pythonhosted.org/packages/fa/76/4c80fa138333cc975743fd0687a745fccb30d167f906f13c1c7f9a85e5ea/nvidia_cuda_runtime_cu12-12.6.77-py3-none-win_amd64.whl", hash = "sha256:86c58044c824bf3c173c49a2dbc7a6c8b53cb4e4dca50068be0bf64e9dab3f7f", size = 891773, upload-time = "2024-10-01T17:09:26.362Z" },
]

[[package]]
name = "nvidia-cudnn-cu12"
version = "9.10.2.21"
source = { registry = "https://pypi.org/simple" }
dependencies = [
    { name = "nvidia-cublas-cu12" },
]
wheels = [
    { url = "https://files.pythonhosted.org/packages/fa/41/e79269ce215c857c935fd86bcfe91a451a584dfc27f1e068f568b9ad1ab7/nvidia_cudnn_cu12-9.10.2.21-py3-none-manylinux_2_27_aarch64.whl", hash = "sha256:c9132cc3f8958447b4910a1720036d9eff5928cc3179b0a51fb6d167c6cc87d8", size = 705026878, upload-time = "2025-06-06T21:52:51.348Z" },
    { url = "https://files.pythonhosted.org/packages/ba/51/e123d997aa098c61d029f76663dedbfb9bc8dcf8c60cbd6adbe42f76d049/nvidia_cudnn_cu12-9.10.2.21-py3-none-manylinux_2_27_x86_64.whl", hash = "sha256:949452be657fa16687d0930933f032835951ef0892b37d2d53824d1a84dc97a8", size = 706758467, upload-time = "2025-06-06T21:54:08.597Z" },
    { url = "https://files.pythonhosted.org/packages/3d/90/0bd6e586701b3a890fd38aa71c387dab4883d619d6e5ad912ccbd05bfd67/nvidia_cudnn_cu12-9.10.2.21-py3-none-win_amd64.whl", hash = "sha256:c6288de7d63e6cf62988f0923f96dc339cea362decb1bf5b3141883392a7d65e", size = 692992268, upload-time = "2025-06-06T21:55:18.114Z" },
]

[[package]]
name = "nvidia-cufft-cu12"
version = "11.3.0.4"
source = { registry = "https://pypi.org/simple" }
dependencies = [
    { name = "nvidia-nvjitlink-cu12" },
]
wheels = [
    { url = "https://files.pythonhosted.org/packages/1f/37/c50d2b2f2c07e146776389e3080f4faf70bcc4fa6e19d65bb54ca174ebc3/nvidia_cufft_cu12-11.3.0.4-py3-none-manylinux2014_aarch64.manylinux_2_17_aarch64.whl", hash = "sha256:d16079550df460376455cba121db6564089176d9bac9e4f360493ca4741b22a6", size = 200164144, upload-time = "2024-11-20T17:40:58.288Z" },
    { url = "https://files.pythonhosted.org/packages/ce/f5/188566814b7339e893f8d210d3a5332352b1409815908dad6a363dcceac1/nvidia_cufft_cu12-11.3.0.4-py3-none-manylinux2014_aarch64.whl", hash = "sha256:8510990de9f96c803a051822618d42bf6cb8f069ff3f48d93a8486efdacb48fb", size = 200164135, upload-time = "2024-10-01T17:03:24.212Z" },
    { url = "https://files.pythonhosted.org/packages/8f/16/73727675941ab8e6ffd86ca3a4b7b47065edcca7a997920b831f8147c99d/nvidia_cufft_cu12-11.3.0.4-py3-none-manylinux2014_x86_64.manylinux_2_17_x86_64.whl", hash = "sha256:ccba62eb9cef5559abd5e0d54ceed2d9934030f51163df018532142a8ec533e5", size = 200221632, upload-time = "2024-11-20T17:41:32.357Z" },
    { url = "https://files.pythonhosted.org/packages/60/de/99ec247a07ea40c969d904fc14f3a356b3e2a704121675b75c366b694ee1/nvidia_cufft_cu12-11.3.0.4-py3-none-manylinux2014_x86_64.whl", hash = "sha256:768160ac89f6f7b459bee747e8d175dbf53619cfe74b2a5636264163138013ca", size = 200221622, upload-time = "2024-10-01T17:03:58.79Z" },
    { url = "https://files.pythonhosted.org/packages/b4/38/36fd800cec8f6e89b7c1576edaaf8076e69ec631644cdbc1b5f2e2b5a9df/nvidia_cufft_cu12-11.3.0.4-py3-none-win_amd64.whl", hash = "sha256:6048ebddfb90d09d2707efb1fd78d4e3a77cb3ae4dc60e19aab6be0ece2ae464", size = 199356881, upload-time = "2024-10-01T17:13:01.861Z" },
]

[[package]]
name = "nvidia-curand-cu12"
version = "10.3.7.77"
source = { registry = "https://pypi.org/simple" }
wheels = [
    { url = "https://files.pythonhosted.org/packages/42/ac/36543605358a355632f1a6faa3e2d5dfb91eab1e4bc7d552040e0383c335/nvidia_curand_cu12-10.3.7.77-py3-none-manylinux2014_aarch64.whl", hash = "sha256:6e82df077060ea28e37f48a3ec442a8f47690c7499bff392a5938614b56c98d8", size = 56289881, upload-time = "2024-10-01T17:04:18.981Z" },
    { url = "https://files.pythonhosted.org/packages/73/1b/44a01c4e70933637c93e6e1a8063d1e998b50213a6b65ac5a9169c47e98e/nvidia_curand_cu12-10.3.7.77-py3-none-manylinux2014_x86_64.manylinux_2_17_x86_64.whl", hash = "sha256:a42cd1344297f70b9e39a1e4f467a4e1c10f1da54ff7a85c12197f6c652c8bdf", size = 56279010, upload-time = "2024-11-20T17:42:50.958Z" },
    { url = "https://files.pythonhosted.org/packages/4a/aa/2c7ff0b5ee02eaef890c0ce7d4f74bc30901871c5e45dee1ae6d0083cd80/nvidia_curand_cu12-10.3.7.77-py3-none-manylinux2014_x86_64.whl", hash = "sha256:99f1a32f1ac2bd134897fc7a203f779303261268a65762a623bf30cc9fe79117", size = 56279000, upload-time = "2024-10-01T17:04:45.274Z" },
    { url = "https://files.pythonhosted.org/packages/a6/02/5362a9396f23f7de1dd8a64369e87c85ffff8216fc8194ace0fa45ba27a5/nvidia_curand_cu12-10.3.7.77-py3-none-manylinux_2_27_aarch64.whl", hash = "sha256:7b2ed8e95595c3591d984ea3603dd66fe6ce6812b886d59049988a712ed06b6e", size = 56289882, upload-time = "2024-11-20T17:42:25.222Z" },
    { url = "https://files.pythonhosted.org/packages/a9/a8/0cd0cec757bd4b4b4ef150fca62ec064db7d08a291dced835a0be7d2c147/nvidia_curand_cu12-10.3.7.77-py3-none-win_amd64.whl", hash = "sha256:6d6d935ffba0f3d439b7cd968192ff068fafd9018dbf1b85b37261b13cfc9905", size = 55783873, upload-time = "2024-10-01T17:13:30.377Z" },
]

[[package]]
name = "nvidia-nvjitlink-cu12"
version = "12.6.85"
source = { registry = "https://pypi.org/simple" }
wheels = [
    { url = "https://files.pythonhosted.org/packages/9d/d7/c5383e47c7e9bf1c99d5bd2a8c935af2b6d705ad831a7ec5c97db4d82f4f/nvidia_nvjitlink_cu12-12.6.85-py3-none-manylinux2010_x86_64.manylinux_2_12_x86_64.whl", hash = "sha256:eedc36df9e88b682efe4309aa16b5b4e78c2407eac59e8c10a6a47535164369a", size = 19744971, upload-time = "2024-11-20T17:46:53.366Z" },
    { url = "https://files.pythonhosted.org/packages/31/db/dc71113d441f208cdfe7ae10d4983884e13f464a6252450693365e166dcf/nvidia_nvjitlink_cu12-12.6.85-py3-none-manylinux2014_aarch64.manylinux_2_17_aarch64.whl", hash = "sha256:cf4eaa7d4b6b543ffd69d6abfb11efdeb2db48270d94dfd3a452c24150829e41", size = 19270338, upload-time = "2024-11-20T17:46:29.758Z" },
    { url = "https://files.pythonhosted.org/packages/89/76/93c1467b1387387440a4d25102d86b7794535449b689f8e2dc22c1c8ff7f/nvidia_nvjitlink_cu12-12.6.85-py3-none-win_amd64.whl", hash = "sha256:e61120e52ed675747825cdd16febc6a0730537451d867ee58bee3853b1b13d1c", size = 161908572, upload-time = "2024-11-20T17:52:40.124Z" },
]
